
Microsoft Visual Studio Solution File, Format Version 12.00
# Visual Studio Version 16
VisualStudioVersion = 16.0.31313.79
MinimumVisualStudioVersion = 10.0.40219.1
Project("{FAE04EC0-301F-11D3-BF4B-00C04F79EFBC}") = "Carsales.VehicleEnquiry", "Carsales.VehicleEnquiry\Carsales.VehicleEnquiry.csproj", "{51CD9453-11F8-4F84-925E-27780734BAE2}"
EndProject
Global
	GlobalSection(SolutionConfigurationPlatforms) = preSolution
		Debug|Any CPU = Debug|Any CPU
		Release|Any CPU = Release|Any CPU
	EndGlobalSection
	GlobalSection(ProjectConfigurationPlatforms) = postSolution
		{51CD9453-11F8-4F84-925E-27780734BAE2}.Debug|Any CPU.ActiveCfg = Debug|Any CPU
		{51CD9453-11F8-4F84-925E-27780734BAE2}.Debug|Any CPU.Build.0 = Debug|Any CPU
		{51CD9453-11F8-4F84-925E-27780734BAE2}.Release|Any CPU.ActiveCfg = Release|Any CPU
		{51CD9453-11F8-4F84-925E-27780734BAE2}.Release|Any CPU.Build.0 = Release|Any CPU
	EndGlobalSection
	GlobalSection(SolutionProperties) = preSolution
		HideSolutionNode = FALSE
	EndGlobalSection
	GlobalSection(ExtensibilityGlobals) = postSolution
		SolutionGuid = {FFAACA8D-547B-485F-B6C5-3146F6CB12A4}
	EndGlobalSection
EndGlobal
